// !$*UTF8*$!
{
	archiveVersion = 1;
	classes = {
	};
	objectVersion = 46;
	objects = {

/* Begin PBXBuildFile section */
		29EE15A91C645970006F1734 /* main.m in Sources */ = {isa = PBXBuildFile; fileRef = 29EE15A81C645970006F1734 /* main.m */; };
		29EE15AC1C645970006F1734 /* AppDelegate.m in Sources */ = {isa = PBXBuildFile; fileRef = 29EE15AB1C645970006F1734 /* AppDelegate.m */; };
		29EE15AF1C645970006F1734 /* ViewController.m in Sources */ = {isa = PBXBuildFile; fileRef = 29EE15AE1C645970006F1734 /* ViewController.m */; };
		29EE15B21C645970006F1734 /* Main.storyboard in Resources */ = {isa = PBXBuildFile; fileRef = 29EE15B01C645970006F1734 /* Main.storyboard */; };
		29EE15B41C645970006F1734 /* Assets.xcassets in Resources */ = {isa = PBXBuildFile; fileRef = 29EE15B31C645970006F1734 /* Assets.xcassets */; };
		29EE15B71C645970006F1734 /* LaunchScreen.storyboard in Resources */ = {isa = PBXBuildFile; fileRef = 29EE15B51C645970006F1734 /* LaunchScreen.storyboard */; };
/* End PBXBuildFile section */

/* Begin PBXFileReference section */
		29EE15A41C645970006F1734 /* MarumaruAdFree.app */ = {isa = PBXFileReference; explicitFileType = wrapper.application; includeInIndex = 0; path = MarumaruAdFree.app; sourceTree = BUILT_PRODUCTS_DIR; };
		29EE15A81C645970006F1734 /* main.m */ = {isa = PBXFileReference; lastKnownFileType = sourcecode.c.objc; path = main.m; sourceTree = "<group>"; };
		29EE15AA1C645970006F1734 /* AppDelegate.h */ = {isa = PBXFileReference; lastKnownFileType = sourcecode.c.h; path = AppDelegate.h; sourceTree = "<group>"; };
		29EE15AB1C645970006F1734 /* AppDelegate.m */ = {isa = PBXFileReference; lastKnownFileType = sourcecode.c.objc; path = AppDelegate.m; sourceTree = "<group>"; };
		29EE15AD1C645970006F1734 /* ViewController.h */ = {isa = PBXFileReference; lastKnownFileType = sourcecode.c.h; path = ViewController.h; sourceTree = "<group>"; };
		29EE15AE1C645970006F1734 /* ViewController.m */ = {isa = PBXFileReference; lastKnownFileType = sourcecode.c.objc; path = ViewController.m; sourceTree = "<group>"; };
		29EE15B11C645970006F1734 /* Base */ = {isa = PBXFileReference; lastKnownFileType = file.storyboard; name = Base; path = Base.lproj/Main.storyboard; sourceTree = "<group>"; };
		29EE15B31C645970006F1734 /* Assets.xcassets */ = {isa = PBXFileReference; lastKnownFileType = folder.assetcatalog; path = Assets.xcassets; sourceTree = "<group>"; };
		29EE15B61C645970006F1734 /* Base */ = {isa = PBXFileReference; lastKnownFileType = file.storyboard; name = Base; path = Base.lproj/LaunchScreen.storyboard; sourceTree = "<group>"; };
		29EE15B81C645970006F1734 /* Info.plist */ = {isa = PBXFileReference; lastKnownFileType = text.plist.xml; path = Info.plist; sourceTree = "<group>"; };
		29EE15C11C645970006F1734 /* webviewTests.m */ = {isa = PBXFileReference; lastKnownFileType = sourcecode.c.objc; path = webviewTests.m; sourceTree = "<group>"; };
		29EE15C31C645970006F1734 /* Info.plist */ = {isa = PBXFileReference; lastKnownFileType = text.plist.xml; path = Info.plist; sourceTree = "<group>"; };
		29EE15CC1C645970006F1734 /* webviewUITests.m */ = {isa = PBXFileReference; lastKnownFileType = sourcecode.c.objc; path = webviewUITests.m; sourceTree = "<group>"; };
		29EE15CE1C645970006F1734 /* Info.plist */ = {isa = PBXFileReference; lastKnownFileType = text.plist.xml; path = Info.plist; sourceTree = "<group>"; };
		29EE15E91C647C82006F1734 /* MarumaruAdFree copy-Info.plist */ = {isa = PBXFileReference; lastKnownFileType = text.plist.xml; path = "MarumaruAdFree copy-Info.plist"; sourceTree = "<group>"; };
/* End PBXFileReference section */

/* Begin PBXFrameworksBuildPhase section */
		29EE15A11C645970006F1734 /* Frameworks */ = {
			isa = PBXFrameworksBuildPhase;
			buildActionMask = 2147483647;
			files = (
			);
			runOnlyForDeploymentPostprocessing = 0;
		};
/* End PBXFrameworksBuildPhase section */

/* Begin PBXGroup section */
		29EE159B1C645970006F1734 = {
			isa = PBXGroup;
			children = (
				29EE15E81C647C80006F1734 /* Resources-iPad */,
				29EE15A61C645970006F1734 /* webview */,
				29EE15C01C645970006F1734 /* webviewTests */,
				29EE15CB1C645970006F1734 /* webviewUITests */,
				29EE15A51C645970006F1734 /* Products */,
				29EE15E91C647C82006F1734 /* MarumaruAdFree copy-Info.plist */,
			);
			sourceTree = "<group>";
		};
		29EE15A51C645970006F1734 /* Products */ = {
			isa = PBXGroup;
			children = (
				29EE15A41C645970006F1734 /* MarumaruAdFree.app */,
			);
			name = Products;
			sourceTree = "<group>";
		};
		29EE15A61C645970006F1734 /* webview */ = {
			isa = PBXGroup;
			children = (
				29EE15AA1C645970006F1734 /* AppDelegate.h */,
				29EE15AB1C645970006F1734 /* AppDelegate.m */,
				29EE15AD1C645970006F1734 /* ViewController.h */,
				29EE15AE1C645970006F1734 /* ViewController.m */,
				29EE15B01C645970006F1734 /* Main.storyboard */,
				29EE15B31C645970006F1734 /* Assets.xcassets */,
				29EE15B51C645970006F1734 /* LaunchScreen.storyboard */,
				29EE15B81C645970006F1734 /* Info.plist */,
				29EE15A71C645970006F1734 /* Supporting Files */,
			);
			path = webview;
			sourceTree = "<group>";
		};
		29EE15A71C645970006F1734 /* Supporting Files */ = {
			isa = PBXGroup;
			children = (
				29EE15A81C645970006F1734 /* main.m */,
			);
			name = "Supporting Files";
			sourceTree = "<group>";
		};
		29EE15C01C645970006F1734 /* webviewTests */ = {
			isa = PBXGroup;
			children = (
				29EE15C11C645970006F1734 /* webviewTests.m */,
				29EE15C31C645970006F1734 /* Info.plist */,
			);
			path = webviewTests;
			sourceTree = "<group>";
		};
		29EE15CB1C645970006F1734 /* webviewUITests */ = {
			isa = PBXGroup;
			children = (
				29EE15CC1C645970006F1734 /* webviewUITests.m */,
				29EE15CE1C645970006F1734 /* Info.plist */,
			);
			path = webviewUITests;
			sourceTree = "<group>";
		};
		29EE15E81C647C80006F1734 /* Resources-iPad */ = {
			isa = PBXGroup;
			children = (
			);
			name = "Resources-iPad";
			sourceTree = "<group>";
		};
/* End PBXGroup section */

/* Begin PBXNativeTarget section */
		29EE15A31C645970006F1734 /* MarumaruAdFree */ = {
			isa = PBXNativeTarget;
			buildConfigurationList = 29EE15D11C645970006F1734 /* Build configuration list for PBXNativeTarget "MarumaruAdFree" */;
			buildPhases = (
				29EE15A01C645970006F1734 /* Sources */,
				29EE15A11C645970006F1734 /* Frameworks */,
				29EE15A21C645970006F1734 /* Resources */,
			);
			buildRules = (
			);
			dependencies = (
			);
			name = MarumaruAdFree;
			productName = webview;
			productReference = 29EE15A41C645970006F1734 /* MarumaruAdFree.app */;
			productType = "com.apple.product-type.application";
		};
/* End PBXNativeTarget section */

/* Begin PBXProject section */
		29EE159C1C645970006F1734 /* Project object */ = {
			isa = PBXProject;
			attributes = {
				LastUpgradeCheck = 0720;
				ORGANIZATIONNAME = "Interpark Ticket";
				TargetAttributes = {
					29EE15A31C645970006F1734 = {
						CreatedOnToolsVersion = 7.2.1;
						DevelopmentTeam = GCW8XUVCDR;
					};
				};
			};
			buildConfigurationList = 29EE159F1C645970006F1734 /* Build configuration list for PBXProject "MarumaruAdFree" */;
			compatibilityVersion = "Xcode 3.2";
			developmentRegion = English;
			hasScannedForEncodings = 0;
			knownRegions = (
				en,
				Base,
			);
			mainGroup = 29EE159B1C645970006F1734;
			productRefGroup = 29EE15A51C645970006F1734 /* Products */;
			projectDirPath = "";
			projectRoot = "";
			targets = (
				29EE15A31C645970006F1734 /* MarumaruAdFree */,
			);
		};
/* End PBXProject section */

/* Begin PBXResourcesBuildPhase section */
		29EE15A21C645970006F1734 /* Resources */ = {
			isa = PBXResourcesBuildPhase;
			buildActionMask = 2147483647;
			files = (
				29EE15B71C645970006F1734 /* LaunchScreen.storyboard in Resources */,
				29EE15B41C645970006F1734 /* Assets.xcassets in Resources */,
				29EE15B21C645970006F1734 /* Main.storyboard in Resources */,
			);
			runOnlyForDeploymentPostprocessing = 0;
		};
/* End PBXResourcesBuildPhase section */

/* Begin PBXSourcesBuildPhase section */
		29EE15A01C645970006F1734 /* Sources */ = {
			isa = PBXSourcesBuildPhase;
			buildActionMask = 2147483647;
			files = (
				29EE15AF1C645970006F1734 /* ViewController.m in Sources */,
				29EE15AC1C645970006F1734 /* AppDelegate.m in Sources */,
				29EE15A91C645970006F1734 /* main.m in Sources */,
			);
			runOnlyForDeploymentPostprocessing = 0;
		};
/* End PBXSourcesBuildPhase section */

/* Begin PBXVariantGroup section */
		29EE15B01C645970006F1734 /* Main.storyboard */ = {
			isa = PBXVariantGroup;
			children = (
				29EE15B11C645970006F1734 /* Base */,
			);
			name = Main.storyboard;
			sourceTree = "<group>";
		};
		29EE15B51C645970006F1734 /* LaunchScreen.storyboard */ = {
			isa = PBXVariantGroup;
			children = (
				29EE15B61C645970006F1734 /* Base */,
			);
			name = LaunchScreen.storyboard;
			sourceTree = "<group>";
		};
/* End PBXVariantGroup section */

/* Begin XCBuildConfiguration section */
		29EE15CF1C645970006F1734 /* Debug */ = {
			isa = XCBuildConfiguration;
			buildSettings = {
				ALWAYS_SEARCH_USER_PATHS = NO;
				CLANG_CXX_LANGUAGE_STANDARD = "gnu++0x";
				CLANG_CXX_LIBRARY = "libc++";
				CLANG_ENABLE_MODULES = YES;
				CLANG_ENABLE_OBJC_ARC = YES;
				CLANG_WARN_BOOL_CONVERSION = YES;
				CLANG_WARN_CONSTANT_CONVERSION = YES;
				CLANG_WARN_DIRECT_OBJC_ISA_USAGE = YES_ERROR;
				CLANG_WARN_EMPTY_BODY = YES;
				CLANG_WARN_ENUM_CONVERSION = YES;
				CLANG_WARN_INT_CONVERSION = YES;
				CLANG_WARN_OBJC_ROOT_CLASS = YES_ERROR;
				CLANG_WARN_UNREACHABLE_CODE = YES;
				CLANG_WARN__DUPLICATE_METHOD_MATCH = YES;
				"CODE_SIGN_IDENTITY[sdk=iphoneos*]" = "iPhone Developer";
				COPY_PHASE_STRIP = NO;
				DEBUG_INFORMATION_FORMAT = dwarf;
				ENABLE_STRICT_OBJC_MSGSEND = YES;
				ENABLE_TESTABILITY = YES;
				GCC_C_LANGUAGE_STANDARD = gnu99;
				GCC_DYNAMIC_NO_PIC = NO;
				GCC_NO_COMMON_BLOCKS = YES;
				GCC_OPTIMIZATION_LEVEL = 0;
				GCC_PREPROCESSOR_DEFINITIONS = (
					"DEBUG=1",
					"$(inherited)",
				);
				GCC_WARN_64_TO_32_BIT_CONVERSION = YES;
				GCC_WARN_ABOUT_RETURN_TYPE = YES_ERROR;
				GCC_WARN_UNDECLARED_SELECTOR = YES;
				GCC_WARN_UNINITIALIZED_AUTOS = YES_AGGRESSIVE;
				GCC_WARN_UNUSED_FUNCTION = YES;
				GCC_WARN_UNUSED_VARIABLE = YES;
				IPHONEOS_DEPLOYMENT_TARGET = 9.2;
				MTL_ENABLE_DEBUG_INFO = YES;
				ONLY_ACTIVE_ARCH = YES;
				SDKROOT = iphoneos;
			};
			name = Debug;
		};
		29EE15D01C645970006F1734 /* Release */ = {
			isa = XCBuildConfiguration;
			buildSettings = {
				ALWAYS_SEARCH_USER_PATHS = NO;
				CLANG_CXX_LANGUAGE_STANDARD = "gnu++0x";
				CLANG_CXX_LIBRARY = "libc++";
				CLANG_ENABLE_MODULES = YES;
				CLANG_ENABLE_OBJC_ARC = YES;
				CLANG_WARN_BOOL_CONVERSION = YES;
				CLANG_WARN_CONSTANT_CONVERSION = YES;
				CLANG_WARN_DIRECT_OBJC_ISA_USAGE = YES_ERROR;
				CLANG_WARN_EMPTY_BODY = YES;
				CLANG_WARN_ENUM_CONVERSION = YES;
				CLANG_WARN_INT_CONVERSION = YES;
				CLANG_WARN_OBJC_ROOT_CLASS = YES_ERROR;
				CLANG_WARN_UNREACHABLE_CODE = YES;
				CLANG_WARN__DUPLICATE_METHOD_MATCH = YES;
				"CODE_SIGN_IDENTITY[sdk=iphoneos*]" = "iPhone Developer";
				COPY_PHASE_STRIP = NO;
				DEBUG_INFORMATION_FORMAT = "dwarf-with-dsym";
				ENABLE_NS_ASSERTIONS = NO;
				ENABLE_STRICT_OBJC_MSGSEND = YES;
				GCC_C_LANGUAGE_STANDARD = gnu99;
				GCC_NO_COMMON_BLOCKS = YES;
				GCC_WARN_64_TO_32_BIT_CONVERSION = YES;
				GCC_WARN_ABOUT_RETURN_TYPE = YES_ERROR;
				GCC_WARN_UNDECLARED_SELECTOR = YES;
				GCC_WARN_UNINITIALIZED_AUTOS = YES_AGGRESSIVE;
				GCC_WARN_UNUSED_FUNCTION = YES;
				GCC_WARN_UNUSED_VARIABLE = YES;
				IPHONEOS_DEPLOYMENT_TARGET = 9.2;
				MTL_ENABLE_DEBUG_INFO = NO;
				SDKROOT = iphoneos;
				VALIDATE_PRODUCT = YES;
			};
			name = Release;
		};
		29EE15D21C645970006F1734 /* Debug */ = {
			isa = XCBuildConfiguration;
			buildSettings = {
				ASSETCATALOG_COMPILER_APPICON_NAME = AppIcon;
				CODE_SIGN_IDENTITY = "iPhone Developer";
				INFOPLIST_FILE = webview/Info.plist;
				IPHONEOS_DEPLOYMENT_TARGET = 8.0;
				LD_RUNPATH_SEARCH_PATHS = "$(inherited) @executable_path/Frameworks";
				PRODUCT_BUNDLE_IDENTIFIER = com.interpark.webview;
				PRODUCT_NAME = MarumaruAdFree;
			};
			name = Debug;
		};
		29EE15D31C645970006F1734 /* Release */ = {
			isa = XCBuildConfiguration;
			buildSettings = {
				ASSETCATALOG_COMPILER_APPICON_NAME = AppIcon;
				CODE_SIGN_IDENTITY = "iPhone Developer";
				INFOPLIST_FILE = webview/Info.plist;
				IPHONEOS_DEPLOYMENT_TARGET = 8.0;
				LD_RUNPATH_SEARCH_PATHS = "$(inherited) @executable_path/Frameworks";
				PRODUCT_BUNDLE_IDENTIFIER = com.interpark.webview;
				PRODUCT_NAME = MarumaruAdFree;
			};
			name = Release;
		};
/* End XCBuildConfiguration section */

/* Begin XCConfigurationList section */
		29EE159F1C645970006F1734 /* Build configuration list for PBXProject "MarumaruAdFree" */ = {
			isa = XCConfigurationList;
			buildConfigurations = (
				29EE15CF1C645970006F1734 /* Debug */,
				29EE15D01C645970006F1734 /* Release */,
			);
			defaultConfigurationIsVisible = 0;
			defaultConfigurationName = Release;
		};
		29EE15D11C645970006F1734 /* Build configuration list for PBXNativeTarget "MarumaruAdFree" */ = {
			isa = XCConfigurationList;
			buildConfigurations = (
				29EE15D21C645970006F1734 /* Debug */,
				29EE15D31C645970006F1734 /* Release */,
			);
			defaultConfigurationIsVisible = 0;
			defaultConfigurationName = Release;
		};
/* End XCConfigurationList section */
	};
	rootObject = 29EE159C1C645970006F1734 /* Project object */;
}
